
Microsoft Visual Studio Solution File, Format Version 12.00
# Visual Studio Version 17
VisualStudioVersion = 17.10.35027.167
MinimumVisualStudioVersion = 10.0.40219.1
Project("{FAE04EC0-301F-11D3-BF4B-00C04F79EFBC}") = "01_MainSubjects", "01_MainSubjects\01_MainSubjects.csproj", "{1DC7D30D-9B43-4F2B-837E-5646DC60D6CC}"
EndProject
Project("{FAE04EC0-301F-11D3-BF4B-00C04F79EFBC}") = "02_Variables", "02_Variables\02_Variables.csproj", "{5C0892A2-CF9C-43E3-9039-B85ED37BC4F0}"
EndProject
Project("{FAE04EC0-301F-11D3-BF4B-00C04F79EFBC}") = "03_MakingDecision", "03_MakingDecision\03_MakingDecision.csproj", "{7ACE06A7-671A-4501-B5FD-3743CB8DCF96}"
EndProject
Project("{FAE04EC0-301F-11D3-BF4B-00C04F79EFBC}") = "04_Loops", "04_Loops\04_Loops.csproj", "{9B8907DF-F3D1-49CE-A794-AD084B5F920B}"
EndProject
Project("{FAE04EC0-301F-11D3-BF4B-00C04F79EFBC}") = "05_LoopsWithStars", "05_LoopsWithStars\05_LoopsWithStars.csproj", "{55F396AE-A95B-44BE-AB69-D5A2D50A80E5}"
EndProject
Global
	GlobalSection(SolutionConfigurationPlatforms) = preSolution
		Debug|Any CPU = Debug|Any CPU
		Release|Any CPU = Release|Any CPU
	EndGlobalSection
	GlobalSection(ProjectConfigurationPlatforms) = postSolution
		{1DC7D30D-9B43-4F2B-837E-5646DC60D6CC}.Debug|Any CPU.ActiveCfg = Debug|Any CPU
		{1DC7D30D-9B43-4F2B-837E-5646DC60D6CC}.Debug|Any CPU.Build.0 = Debug|Any CPU
		{1DC7D30D-9B43-4F2B-837E-5646DC60D6CC}.Release|Any CPU.ActiveCfg = Release|Any CPU
		{1DC7D30D-9B43-4F2B-837E-5646DC60D6CC}.Release|Any CPU.Build.0 = Release|Any CPU
		{5C0892A2-CF9C-43E3-9039-B85ED37BC4F0}.Debug|Any CPU.ActiveCfg = Debug|Any CPU
		{5C0892A2-CF9C-43E3-9039-B85ED37BC4F0}.Debug|Any CPU.Build.0 = Debug|Any CPU
		{5C0892A2-CF9C-43E3-9039-B85ED37BC4F0}.Release|Any CPU.ActiveCfg = Release|Any CPU
		{5C0892A2-CF9C-43E3-9039-B85ED37BC4F0}.Release|Any CPU.Build.0 = Release|Any CPU
		{7ACE06A7-671A-4501-B5FD-3743CB8DCF96}.Debug|Any CPU.ActiveCfg = Debug|Any CPU
		{7ACE06A7-671A-4501-B5FD-3743CB8DCF96}.Debug|Any CPU.Build.0 = Debug|Any CPU
		{7ACE06A7-671A-4501-B5FD-3743CB8DCF96}.Release|Any CPU.ActiveCfg = Release|Any CPU
		{7ACE06A7-671A-4501-B5FD-3743CB8DCF96}.Release|Any CPU.Build.0 = Release|Any CPU
		{9B8907DF-F3D1-49CE-A794-AD084B5F920B}.Debug|Any CPU.ActiveCfg = Debug|Any CPU
		{9B8907DF-F3D1-49CE-A794-AD084B5F920B}.Debug|Any CPU.Build.0 = Debug|Any CPU
		{9B8907DF-F3D1-49CE-A794-AD084B5F920B}.Release|Any CPU.ActiveCfg = Release|Any CPU
		{9B8907DF-F3D1-49CE-A794-AD084B5F920B}.Release|Any CPU.Build.0 = Release|Any CPU
		{55F396AE-A95B-44BE-AB69-D5A2D50A80E5}.Debug|Any CPU.ActiveCfg = Debug|Any CPU
		{55F396AE-A95B-44BE-AB69-D5A2D50A80E5}.Debug|Any CPU.Build.0 = Debug|Any CPU
		{55F396AE-A95B-44BE-AB69-D5A2D50A80E5}.Release|Any CPU.ActiveCfg = Release|Any CPU
		{55F396AE-A95B-44BE-AB69-D5A2D50A80E5}.Release|Any CPU.Build.0 = Release|Any CPU
	EndGlobalSection
	GlobalSection(SolutionProperties) = preSolution
		HideSolutionNode = FALSE
	EndGlobalSection
	GlobalSection(ExtensibilityGlobals) = postSolution
		SolutionGuid = {E33B28E9-5A32-4339-82CF-0E564F846C98}
	EndGlobalSection
EndGlobal
